// !$*UTF8*$!
{
	archiveVersion = 1;
	classes = {
	};
	objectVersion = 50;
	objects = {

/* Begin PBXBuildFile section */
		30EE63DE245712E100438AA1 /* AppDelegate.swift in Sources */ = {isa = PBXBuildFile; fileRef = 30EE63DD245712E100438AA1 /* AppDelegate.swift */; };
		30EE63E2245712E100438AA1 /* ViewController.swift in Sources */ = {isa = PBXBuildFile; fileRef = 30EE63E1245712E100438AA1 /* ViewController.swift */; };
		30EE63E5245712E100438AA1 /* Main.storyboard in Resources */ = {isa = PBXBuildFile; fileRef = 30EE63E3245712E100438AA1 /* Main.storyboard */; };
		30EE63E7245712E200438AA1 /* Assets.xcassets in Resources */ = {isa = PBXBuildFile; fileRef = 30EE63E6245712E200438AA1 /* Assets.xcassets */; };
		30EE63EA245712E200438AA1 /* LaunchScreen.storyboard in Resources */ = {isa = PBXBuildFile; fileRef = 30EE63E8245712E200438AA1 /* LaunchScreen.storyboard */; };
		30EE641624571ECB00438AA1 /* HomeViewController.swift in Sources */ = {isa = PBXBuildFile; fileRef = 30EE641524571ECB00438AA1 /* HomeViewController.swift */; };
		30EE64182457206D00438AA1 /* ColumnViewController.swift in Sources */ = {isa = PBXBuildFile; fileRef = 30EE64172457206D00438AA1 /* ColumnViewController.swift */; };
		30EE641A245720B000438AA1 /* LiveViewController.swift in Sources */ = {isa = PBXBuildFile; fileRef = 30EE6419245720B000438AA1 /* LiveViewController.swift */; };
		30EE641C245720F600438AA1 /* UserViewController.swift in Sources */ = {isa = PBXBuildFile; fileRef = 30EE641B245720F600438AA1 /* UserViewController.swift */; };
		30EE641F2457227100438AA1 /* Home.storyboard in Resources */ = {isa = PBXBuildFile; fileRef = 30EE641D2457227100438AA1 /* Home.storyboard */; };
		30EE64222457228900438AA1 /* Column.storyboard in Resources */ = {isa = PBXBuildFile; fileRef = 30EE64202457228900438AA1 /* Column.storyboard */; };
		30EE64252457229D00438AA1 /* Live.storyboard in Resources */ = {isa = PBXBuildFile; fileRef = 30EE64232457229D00438AA1 /* Live.storyboard */; };
		30EE6428245722A800438AA1 /* User.storyboard in Resources */ = {isa = PBXBuildFile; fileRef = 30EE6426245722A800438AA1 /* User.storyboard */; };
		30EE642B2457242A00438AA1 /* UIBarButton-Extension.swift in Sources */ = {isa = PBXBuildFile; fileRef = 30EE642A2457242A00438AA1 /* UIBarButton-Extension.swift */; };
/* End PBXBuildFile section */

/* Begin PBXFileReference section */
		30EE63DA245712E100438AA1 /* swift_douyu.app */ = {isa = PBXFileReference; explicitFileType = wrapper.application; includeInIndex = 0; path = swift_douyu.app; sourceTree = BUILT_PRODUCTS_DIR; };
		30EE63DD245712E100438AA1 /* AppDelegate.swift */ = {isa = PBXFileReference; lastKnownFileType = sourcecode.swift; path = AppDelegate.swift; sourceTree = "<group>"; };
		30EE63E1245712E100438AA1 /* ViewController.swift */ = {isa = PBXFileReference; lastKnownFileType = sourcecode.swift; path = ViewController.swift; sourceTree = "<group>"; };
		30EE63E4245712E100438AA1 /* Base */ = {isa = PBXFileReference; lastKnownFileType = file.storyboard; name = Base; path = Base.lproj/Main.storyboard; sourceTree = "<group>"; };
		30EE63E6245712E200438AA1 /* Assets.xcassets */ = {isa = PBXFileReference; lastKnownFileType = folder.assetcatalog; path = Assets.xcassets; sourceTree = "<group>"; };
		30EE63E9245712E200438AA1 /* Base */ = {isa = PBXFileReference; lastKnownFileType = file.storyboard; name = Base; path = Base.lproj/LaunchScreen.storyboard; sourceTree = "<group>"; };
		30EE63EB245712E200438AA1 /* Info.plist */ = {isa = PBXFileReference; lastKnownFileType = text.plist.xml; path = Info.plist; sourceTree = "<group>"; };
		30EE641524571ECB00438AA1 /* HomeViewController.swift */ = {isa = PBXFileReference; lastKnownFileType = sourcecode.swift; path = HomeViewController.swift; sourceTree = "<group>"; };
		30EE64172457206D00438AA1 /* ColumnViewController.swift */ = {isa = PBXFileReference; lastKnownFileType = sourcecode.swift; path = ColumnViewController.swift; sourceTree = "<group>"; };
		30EE6419245720B000438AA1 /* LiveViewController.swift */ = {isa = PBXFileReference; lastKnownFileType = sourcecode.swift; path = LiveViewController.swift; sourceTree = "<group>"; };
		30EE641B245720F600438AA1 /* UserViewController.swift */ = {isa = PBXFileReference; lastKnownFileType = sourcecode.swift; path = UserViewController.swift; sourceTree = "<group>"; };
		30EE641E2457227100438AA1 /* Base */ = {isa = PBXFileReference; lastKnownFileType = file.storyboard; name = Base; path = "swift_douyu/Classes(类)/Main/Base.lproj/Home.storyboard"; sourceTree = SOURCE_ROOT; };
		30EE64212457228900438AA1 /* Base */ = {isa = PBXFileReference; lastKnownFileType = file.storyboard; name = Base; path = "swift_douyu/Classes(类)/Main/Base.lproj/Column.storyboard"; sourceTree = SOURCE_ROOT; };
		30EE64242457229D00438AA1 /* Base */ = {isa = PBXFileReference; lastKnownFileType = file.storyboard; name = Base; path = "swift_douyu/Classes(类)/Main/Base.lproj/Live.storyboard"; sourceTree = SOURCE_ROOT; };
		30EE6427245722A800438AA1 /* Base */ = {isa = PBXFileReference; lastKnownFileType = file.storyboard; name = Base; path = "swift_douyu/Classes(类)/Main/Base.lproj/User.storyboard"; sourceTree = SOURCE_ROOT; };
		30EE642A2457242A00438AA1 /* UIBarButton-Extension.swift */ = {isa = PBXFileReference; lastKnownFileType = sourcecode.swift; path = "UIBarButton-Extension.swift"; sourceTree = "<group>"; };
/* End PBXFileReference section */

/* Begin PBXFrameworksBuildPhase section */
		30EE63D7245712E100438AA1 /* Frameworks */ = {
			isa = PBXFrameworksBuildPhase;
			buildActionMask = 2147483647;
			files = (
			);
			runOnlyForDeploymentPostprocessing = 0;
		};
/* End PBXFrameworksBuildPhase section */

/* Begin PBXGroup section */
		30EE63D1245712E100438AA1 = {
			isa = PBXGroup;
			children = (
				30EE63DC245712E100438AA1 /* swift_douyu */,
				30EE63DB245712E100438AA1 /* Products */,
			);
			sourceTree = "<group>";
		};
		30EE63DB245712E100438AA1 /* Products */ = {
			isa = PBXGroup;
			children = (
				30EE63DA245712E100438AA1 /* swift_douyu.app */,
			);
			name = Products;
			sourceTree = "<group>";
		};
		30EE63DC245712E100438AA1 /* swift_douyu */ = {
			isa = PBXGroup;
			children = (
				30EE63F52457130C00438AA1 /* AppDelegate */,
				30EE63F22457130B00438AA1 /* Classes(类) */,
				30EE63F42457130C00438AA1 /* Constant(常量) */,
				30EE63F72457130C00438AA1 /* Encapsulation(封装) */,
				30EE63F62457130C00438AA1 /* Extension(扩展) */,
				30EE63F82457130C00438AA1 /* Other(其他) */,
				30EE63F32457130C00438AA1 /* Resources(资源) */,
				30EE63F12457130B00438AA1 /* Tool(工具) */,
				30EE63E1245712E100438AA1 /* ViewController.swift */,
				30EE63E6245712E200438AA1 /* Assets.xcassets */,
				30EE63E8245712E200438AA1 /* LaunchScreen.storyboard */,
				30EE63EB245712E200438AA1 /* Info.plist */,
			);
			path = swift_douyu;
			sourceTree = "<group>";
		};
		30EE63F12457130B00438AA1 /* Tool(工具) */ = {
			isa = PBXGroup;
			children = (
				30EE6429245723E700438AA1 /* Extension */,
			);
			path = "Tool(工具)";
			sourceTree = "<group>";
		};
		30EE63F22457130B00438AA1 /* Classes(类) */ = {
			isa = PBXGroup;
			children = (
				30EE63F9245713A000438AA1 /* Base */,
				30EE63FB2457179300438AA1 /* Main */,
				30EE63FA245713AC00438AA1 /* Home */,
				30EE640724571DE400438AA1 /* Column */,
				30EE640624571DDA00438AA1 /* Live */,
				30EE640824571DEF00438AA1 /* User */,
			);
			path = "Classes(类)";
			sourceTree = "<group>";
		};
		30EE63F32457130C00438AA1 /* Resources(资源) */ = {
			isa = PBXGroup;
			children = (
			);
			path = "Resources(资源)";
			sourceTree = "<group>";
		};
		30EE63F42457130C00438AA1 /* Constant(常量) */ = {
			isa = PBXGroup;
			children = (
			);
			path = "Constant(常量)";
			sourceTree = "<group>";
		};
		30EE63F52457130C00438AA1 /* AppDelegate */ = {
			isa = PBXGroup;
			children = (
				30EE63DD245712E100438AA1 /* AppDelegate.swift */,
			);
			path = AppDelegate;
			sourceTree = "<group>";
		};
		30EE63F62457130C00438AA1 /* Extension(扩展) */ = {
			isa = PBXGroup;
			children = (
			);
			path = "Extension(扩展)";
			sourceTree = "<group>";
		};
		30EE63F72457130C00438AA1 /* Encapsulation(封装) */ = {
			isa = PBXGroup;
			children = (
			);
			path = "Encapsulation(封装)";
			sourceTree = "<group>";
		};
		30EE63F82457130C00438AA1 /* Other(其他) */ = {
			isa = PBXGroup;
			children = (
			);
			path = "Other(其他)";
			sourceTree = "<group>";
		};
		30EE63F9245713A000438AA1 /* Base */ = {
			isa = PBXGroup;
			children = (
			);
			path = Base;
			sourceTree = "<group>";
		};
		30EE63FA245713AC00438AA1 /* Home */ = {
			isa = PBXGroup;
			children = (
				30EE640A24571E4200438AA1 /* Controller */,
				30EE640B24571E4C00438AA1 /* Model */,
				30EE640924571E3700438AA1 /* View */,
			);
			path = Home;
			sourceTree = "<group>";
		};
		30EE63FB2457179300438AA1 /* Main */ = {
			isa = PBXGroup;
			children = (
				30EE63E3245712E100438AA1 /* Main.storyboard */,
			);
			path = Main;
			sourceTree = "<group>";
		};
		30EE640624571DDA00438AA1 /* Live */ = {
			isa = PBXGroup;
			children = (
				30EE640F24571EA100438AA1 /* Controller */,
				30EE641124571EA100438AA1 /* Model */,
				30EE641024571EA100438AA1 /* View */,
			);
			path = Live;
			sourceTree = "<group>";
		};
		30EE640724571DE400438AA1 /* Column */ = {
			isa = PBXGroup;
			children = (
				30EE641324571EAA00438AA1 /* Controller */,
				30EE641224571EAA00438AA1 /* Model */,
				30EE641424571EAA00438AA1 /* View */,
			);
			path = Column;
			sourceTree = "<group>";
		};
		30EE640824571DEF00438AA1 /* User */ = {
			isa = PBXGroup;
			children = (
				30EE640C24571E9A00438AA1 /* Controller */,
				30EE640E24571E9A00438AA1 /* Model */,
				30EE640D24571E9A00438AA1 /* View */,
			);
			path = User;
			sourceTree = "<group>";
		};
		30EE640924571E3700438AA1 /* View */ = {
			isa = PBXGroup;
			children = (
			);
			path = View;
			sourceTree = "<group>";
		};
		30EE640A24571E4200438AA1 /* Controller */ = {
			isa = PBXGroup;
			children = (
				30EE641D2457227100438AA1 /* Home.storyboard */,
				30EE641524571ECB00438AA1 /* HomeViewController.swift */,
			);
			path = Controller;
			sourceTree = "<group>";
		};
		30EE640B24571E4C00438AA1 /* Model */ = {
			isa = PBXGroup;
			children = (
			);
			path = Model;
			sourceTree = "<group>";
		};
		30EE640C24571E9A00438AA1 /* Controller */ = {
			isa = PBXGroup;
			children = (
				30EE6426245722A800438AA1 /* User.storyboard */,
				30EE641B245720F600438AA1 /* UserViewController.swift */,
			);
			path = Controller;
			sourceTree = "<group>";
		};
		30EE640D24571E9A00438AA1 /* View */ = {
			isa = PBXGroup;
			children = (
			);
			path = View;
			sourceTree = "<group>";
		};
		30EE640E24571E9A00438AA1 /* Model */ = {
			isa = PBXGroup;
			children = (
			);
			path = Model;
			sourceTree = "<group>";
		};
		30EE640F24571EA100438AA1 /* Controller */ = {
			isa = PBXGroup;
			children = (
				30EE64232457229D00438AA1 /* Live.storyboard */,
				30EE6419245720B000438AA1 /* LiveViewController.swift */,
			);
			path = Controller;
			sourceTree = "<group>";
		};
		30EE641024571EA100438AA1 /* View */ = {
			isa = PBXGroup;
			children = (
			);
			path = View;
			sourceTree = "<group>";
		};
		30EE641124571EA100438AA1 /* Model */ = {
			isa = PBXGroup;
			children = (
			);
			path = Model;
			sourceTree = "<group>";
		};
		30EE641224571EAA00438AA1 /* Model */ = {
			isa = PBXGroup;
			children = (
			);
			path = Model;
			sourceTree = "<group>";
		};
		30EE641324571EAA00438AA1 /* Controller */ = {
			isa = PBXGroup;
			children = (
				30EE64202457228900438AA1 /* Column.storyboard */,
				30EE64172457206D00438AA1 /* ColumnViewController.swift */,
			);
			path = Controller;
			sourceTree = "<group>";
		};
		30EE641424571EAA00438AA1 /* View */ = {
			isa = PBXGroup;
			children = (
			);
			path = View;
			sourceTree = "<group>";
		};
		30EE6429245723E700438AA1 /* Extension */ = {
			isa = PBXGroup;
			children = (
				30EE642A2457242A00438AA1 /* UIBarButton-Extension.swift */,
			);
			path = Extension;
			sourceTree = "<group>";
		};
/* End PBXGroup section */

/* Begin PBXNativeTarget section */
		30EE63D9245712E100438AA1 /* swift_douyu */ = {
			isa = PBXNativeTarget;
			buildConfigurationList = 30EE63EE245712E200438AA1 /* Build configuration list for PBXNativeTarget "swift_douyu" */;
			buildPhases = (
				30EE63D6245712E100438AA1 /* Sources */,
				30EE63D7245712E100438AA1 /* Frameworks */,
				30EE63D8245712E100438AA1 /* Resources */,
			);
			buildRules = (
			);
			dependencies = (
			);
			name = swift_douyu;
			productName = swift_douyu;
			productReference = 30EE63DA245712E100438AA1 /* swift_douyu.app */;
			productType = "com.apple.product-type.application";
		};
/* End PBXNativeTarget section */

/* Begin PBXProject section */
		30EE63D2245712E100438AA1 /* Project object */ = {
			isa = PBXProject;
			attributes = {
				LastSwiftUpdateCheck = 1120;
				LastUpgradeCheck = 1120;
				ORGANIZATIONNAME = "李亚飞";
				TargetAttributes = {
					30EE63D9245712E100438AA1 = {
						CreatedOnToolsVersion = 11.2.1;
					};
				};
			};
			buildConfigurationList = 30EE63D5245712E100438AA1 /* Build configuration list for PBXProject "swift_douyu" */;
			compatibilityVersion = "Xcode 9.3";
			developmentRegion = en;
			hasScannedForEncodings = 0;
			knownRegions = (
				en,
				Base,
			);
			mainGroup = 30EE63D1245712E100438AA1;
			productRefGroup = 30EE63DB245712E100438AA1 /* Products */;
			projectDirPath = "";
			projectRoot = "";
			targets = (
				30EE63D9245712E100438AA1 /* swift_douyu */,
			);
		};
/* End PBXProject section */

/* Begin PBXResourcesBuildPhase section */
		30EE63D8245712E100438AA1 /* Resources */ = {
			isa = PBXResourcesBuildPhase;
			buildActionMask = 2147483647;
			files = (
				30EE64222457228900438AA1 /* Column.storyboard in Resources */,
				30EE63EA245712E200438AA1 /* LaunchScreen.storyboard in Resources */,
				30EE64252457229D00438AA1 /* Live.storyboard in Resources */,
				30EE63E7245712E200438AA1 /* Assets.xcassets in Resources */,
				30EE63E5245712E100438AA1 /* Main.storyboard in Resources */,
				30EE6428245722A800438AA1 /* User.storyboard in Resources */,
				30EE641F2457227100438AA1 /* Home.storyboard in Resources */,
			);
			runOnlyForDeploymentPostprocessing = 0;
		};
/* End PBXResourcesBuildPhase section */

/* Begin PBXSourcesBuildPhase section */
		30EE63D6245712E100438AA1 /* Sources */ = {
			isa = PBXSourcesBuildPhase;
			buildActionMask = 2147483647;
			files = (
				30EE63E2245712E100438AA1 /* ViewController.swift in Sources */,
				30EE641C245720F600438AA1 /* UserViewController.swift in Sources */,
				30EE63DE245712E100438AA1 /* AppDelegate.swift in Sources */,
				30EE64182457206D00438AA1 /* ColumnViewController.swift in Sources */,
				30EE641624571ECB00438AA1 /* HomeViewController.swift in Sources */,
				30EE642B2457242A00438AA1 /* UIBarButton-Extension.swift in Sources */,
				30EE641A245720B000438AA1 /* LiveViewController.swift in Sources */,
			);
			runOnlyForDeploymentPostprocessing = 0;
		};
/* End PBXSourcesBuildPhase section */

/* Begin PBXVariantGroup section */
		30EE63E3245712E100438AA1 /* Main.storyboard */ = {
			isa = PBXVariantGroup;
			children = (
				30EE63E4245712E100438AA1 /* Base */,
			);
			name = Main.storyboard;
			sourceTree = "<group>";
		};
		30EE63E8245712E200438AA1 /* LaunchScreen.storyboard */ = {
			isa = PBXVariantGroup;
			children = (
				30EE63E9245712E200438AA1 /* Base */,
			);
			name = LaunchScreen.storyboard;
			sourceTree = "<group>";
		};
		30EE641D2457227100438AA1 /* Home.storyboard */ = {
			isa = PBXVariantGroup;
			children = (
				30EE641E2457227100438AA1 /* Base */,
			);
			name = Home.storyboard;
			sourceTree = "<group>";
		};
		30EE64202457228900438AA1 /* Column.storyboard */ = {
			isa = PBXVariantGroup;
			children = (
				30EE64212457228900438AA1 /* Base */,
			);
			name = Column.storyboard;
			sourceTree = "<group>";
		};
		30EE64232457229D00438AA1 /* Live.storyboard */ = {
			isa = PBXVariantGroup;
			children = (
				30EE64242457229D00438AA1 /* Base */,
			);
			name = Live.storyboard;
			sourceTree = "<group>";
		};
		30EE6426245722A800438AA1 /* User.storyboard */ = {
			isa = PBXVariantGroup;
			children = (
				30EE6427245722A800438AA1 /* Base */,
			);
			name = User.storyboard;
			sourceTree = "<group>";
		};
/* End PBXVariantGroup section */

/* Begin XCBuildConfiguration section */
		30EE63EC245712E200438AA1 /* Debug */ = {
			isa = XCBuildConfiguration;
			buildSettings = {
				ALWAYS_SEARCH_USER_PATHS = NO;
				CLANG_ANALYZER_NONNULL = YES;
				CLANG_ANALYZER_NUMBER_OBJECT_CONVERSION = YES_AGGRESSIVE;
				CLANG_CXX_LANGUAGE_STANDARD = "gnu++14";
				CLANG_CXX_LIBRARY = "libc++";
				CLANG_ENABLE_MODULES = YES;
				CLANG_ENABLE_OBJC_ARC = YES;
				CLANG_ENABLE_OBJC_WEAK = YES;
				CLANG_WARN_BLOCK_CAPTURE_AUTORELEASING = YES;
				CLANG_WARN_BOOL_CONVERSION = YES;
				CLANG_WARN_COMMA = YES;
				CLANG_WARN_CONSTANT_CONVERSION = YES;
				CLANG_WARN_DEPRECATED_OBJC_IMPLEMENTATIONS = YES;
				CLANG_WARN_DIRECT_OBJC_ISA_USAGE = YES_ERROR;
				CLANG_WARN_DOCUMENTATION_COMMENTS = YES;
				CLANG_WARN_EMPTY_BODY = YES;
				CLANG_WARN_ENUM_CONVERSION = YES;
				CLANG_WARN_INFINITE_RECURSION = YES;
				CLANG_WARN_INT_CONVERSION = YES;
				CLANG_WARN_NON_LITERAL_NULL_CONVERSION = YES;
				CLANG_WARN_OBJC_IMPLICIT_RETAIN_SELF = YES;
				CLANG_WARN_OBJC_LITERAL_CONVERSION = YES;
				CLANG_WARN_OBJC_ROOT_CLASS = YES_ERROR;
				CLANG_WARN_RANGE_LOOP_ANALYSIS = YES;
				CLANG_WARN_STRICT_PROTOTYPES = YES;
				CLANG_WARN_SUSPICIOUS_MOVE = YES;
				CLANG_WARN_UNGUARDED_AVAILABILITY = YES_AGGRESSIVE;
				CLANG_WARN_UNREACHABLE_CODE = YES;
				CLANG_WARN__DUPLICATE_METHOD_MATCH = YES;
				COPY_PHASE_STRIP = NO;
				DEBUG_INFORMATION_FORMAT = dwarf;
				ENABLE_STRICT_OBJC_MSGSEND = YES;
				ENABLE_TESTABILITY = YES;
				GCC_C_LANGUAGE_STANDARD = gnu11;
				GCC_DYNAMIC_NO_PIC = NO;
				GCC_NO_COMMON_BLOCKS = YES;
				GCC_OPTIMIZATION_LEVEL = 0;
				GCC_PREPROCESSOR_DEFINITIONS = (
					"DEBUG=1",
					"$(inherited)",
				);
				GCC_WARN_64_TO_32_BIT_CONVERSION = YES;
				GCC_WARN_ABOUT_RETURN_TYPE = YES_ERROR;
				GCC_WARN_UNDECLARED_SELECTOR = YES;
				GCC_WARN_UNINITIALIZED_AUTOS = YES_AGGRESSIVE;
				GCC_WARN_UNUSED_FUNCTION = YES;
				GCC_WARN_UNUSED_VARIABLE = YES;
				IPHONEOS_DEPLOYMENT_TARGET = 13.2;
				MTL_ENABLE_DEBUG_INFO = INCLUDE_SOURCE;
				MTL_FAST_MATH = YES;
				ONLY_ACTIVE_ARCH = YES;
				SDKROOT = iphoneos;
				SWIFT_ACTIVE_COMPILATION_CONDITIONS = DEBUG;
				SWIFT_OPTIMIZATION_LEVEL = "-Onone";
			};
			name = Debug;
		};
		30EE63ED245712E200438AA1 /* Release */ = {
			isa = XCBuildConfiguration;
			buildSettings = {
				ALWAYS_SEARCH_USER_PATHS = NO;
				CLANG_ANALYZER_NONNULL = YES;
				CLANG_ANALYZER_NUMBER_OBJECT_CONVERSION = YES_AGGRESSIVE;
				CLANG_CXX_LANGUAGE_STANDARD = "gnu++14";
				CLANG_CXX_LIBRARY = "libc++";
				CLANG_ENABLE_MODULES = YES;
				CLANG_ENABLE_OBJC_ARC = YES;
				CLANG_ENABLE_OBJC_WEAK = YES;
				CLANG_WARN_BLOCK_CAPTURE_AUTORELEASING = YES;
				CLANG_WARN_BOOL_CONVERSION = YES;
				CLANG_WARN_COMMA = YES;
				CLANG_WARN_CONSTANT_CONVERSION = YES;
				CLANG_WARN_DEPRECATED_OBJC_IMPLEMENTATIONS = YES;
				CLANG_WARN_DIRECT_OBJC_ISA_USAGE = YES_ERROR;
				CLANG_WARN_DOCUMENTATION_COMMENTS = YES;
				CLANG_WARN_EMPTY_BODY = YES;
				CLANG_WARN_ENUM_CONVERSION = YES;
				CLANG_WARN_INFINITE_RECURSION = YES;
				CLANG_WARN_INT_CONVERSION = YES;
				CLANG_WARN_NON_LITERAL_NULL_CONVERSION = YES;
				CLANG_WARN_OBJC_IMPLICIT_RETAIN_SELF = YES;
				CLANG_WARN_OBJC_LITERAL_CONVERSION = YES;
				CLANG_WARN_OBJC_ROOT_CLASS = YES_ERROR;
				CLANG_WARN_RANGE_LOOP_ANALYSIS = YES;
				CLANG_WARN_STRICT_PROTOTYPES = YES;
				CLANG_WARN_SUSPICIOUS_MOVE = YES;
				CLANG_WARN_UNGUARDED_AVAILABILITY = YES_AGGRESSIVE;
				CLANG_WARN_UNREACHABLE_CODE = YES;
				CLANG_WARN__DUPLICATE_METHOD_MATCH = YES;
				COPY_PHASE_STRIP = NO;
				DEBUG_INFORMATION_FORMAT = "dwarf-with-dsym";
				ENABLE_NS_ASSERTIONS = NO;
				ENABLE_STRICT_OBJC_MSGSEND = YES;
				GCC_C_LANGUAGE_STANDARD = gnu11;
				GCC_NO_COMMON_BLOCKS = YES;
				GCC_WARN_64_TO_32_BIT_CONVERSION = YES;
				GCC_WARN_ABOUT_RETURN_TYPE = YES_ERROR;
				GCC_WARN_UNDECLARED_SELECTOR = YES;
				GCC_WARN_UNINITIALIZED_AUTOS = YES_AGGRESSIVE;
				GCC_WARN_UNUSED_FUNCTION = YES;
				GCC_WARN_UNUSED_VARIABLE = YES;
				IPHONEOS_DEPLOYMENT_TARGET = 13.2;
				MTL_ENABLE_DEBUG_INFO = NO;
				MTL_FAST_MATH = YES;
				SDKROOT = iphoneos;
				SWIFT_COMPILATION_MODE = wholemodule;
				SWIFT_OPTIMIZATION_LEVEL = "-O";
				VALIDATE_PRODUCT = YES;
			};
			name = Release;
		};
		30EE63EF245712E200438AA1 /* Debug */ = {
			isa = XCBuildConfiguration;
			buildSettings = {
				ASSETCATALOG_COMPILER_APPICON_NAME = AppIcon;
				CODE_SIGN_STYLE = Automatic;
				INFOPLIST_FILE = swift_douyu/Info.plist;
				IPHONEOS_DEPLOYMENT_TARGET = 9.0;
				LD_RUNPATH_SEARCH_PATHS = (
					"$(inherited)",
					"@executable_path/Frameworks",
				);
				PRODUCT_BUNDLE_IDENTIFIER = "test.swift-douyu";
				PRODUCT_NAME = "$(TARGET_NAME)";
				SWIFT_VERSION = 5.0;
				TARGETED_DEVICE_FAMILY = "1,2";
			};
			name = Debug;
		};
		30EE63F0245712E200438AA1 /* Release */ = {
			isa = XCBuildConfiguration;
			buildSettings = {
				ASSETCATALOG_COMPILER_APPICON_NAME = AppIcon;
				CODE_SIGN_STYLE = Automatic;
				INFOPLIST_FILE = swift_douyu/Info.plist;
				IPHONEOS_DEPLOYMENT_TARGET = 9.0;
				LD_RUNPATH_SEARCH_PATHS = (
					"$(inherited)",
					"@executable_path/Frameworks",
				);
				PRODUCT_BUNDLE_IDENTIFIER = "test.swift-douyu";
				PRODUCT_NAME = "$(TARGET_NAME)";
				SWIFT_VERSION = 5.0;
				TARGETED_DEVICE_FAMILY = "1,2";
			};
			name = Release;
		};
/* End XCBuildConfiguration section */

/* Begin XCConfigurationList section */
		30EE63D5245712E100438AA1 /* Build configuration list for PBXProject "swift_douyu" */ = {
			isa = XCConfigurationList;
			buildConfigurations = (
				30EE63EC245712E200438AA1 /* Debug */,
				30EE63ED245712E200438AA1 /* Release */,
			);
			defaultConfigurationIsVisible = 0;
			defaultConfigurationName = Release;
		};
		30EE63EE245712E200438AA1 /* Build configuration list for PBXNativeTarget "swift_douyu" */ = {
			isa = XCConfigurationList;
			buildConfigurations = (
				30EE63EF245712E200438AA1 /* Debug */,
				30EE63F0245712E200438AA1 /* Release */,
			);
			defaultConfigurationIsVisible = 0;
			defaultConfigurationName = Release;
		};
/* End XCConfigurationList section */
	};
	rootObject = 30EE63D2245712E100438AA1 /* Project object */;
}
